
Microsoft Visual Studio Solution File, Format Version 12.00
# Visual Studio Version 17
VisualStudioVersion = 17.1.32328.378
MinimumVisualStudioVersion = 10.0.40219.1
Project("{9A19103F-16F7-4668-BE54-9A1E7A4F7556}") = "OpenTK4Extensions", "OpenTK4Extensions\OpenTK4Extensions.csproj", "{4447CD4A-FB8C-41B0-A387-E4DA2F589EC4}"
EndProject
Project("{9A19103F-16F7-4668-BE54-9A1E7A4F7556}") = "HelloWorldGL", "HelloWorldGL\HelloWorldGL.csproj", "{7FB0EEEE-C8F8-4AED-A9E0-F2791FFB1662}"
EndProject
Project("{FAE04EC0-301F-11D3-BF4B-00C04F79EFBC}") = "OpenTK4Extensions.Test", "OpenTK4Extensions.Test\OpenTK4Extensions.Test.csproj", "{7C2B2EB6-0226-4F38-B17E-77AA6697FB07}"
EndProject
Global
	GlobalSection(SolutionConfigurationPlatforms) = preSolution
		Debug|Any CPU = Debug|Any CPU
		Release|Any CPU = Release|Any CPU
	EndGlobalSection
	GlobalSection(ProjectConfigurationPlatforms) = postSolution
		{4447CD4A-FB8C-41B0-A387-E4DA2F589EC4}.Debug|Any CPU.ActiveCfg = Debug|Any CPU
		{4447CD4A-FB8C-41B0-A387-E4DA2F589EC4}.Debug|Any CPU.Build.0 = Debug|Any CPU
		{4447CD4A-FB8C-41B0-A387-E4DA2F589EC4}.Release|Any CPU.ActiveCfg = Release|Any CPU
		{4447CD4A-FB8C-41B0-A387-E4DA2F589EC4}.Release|Any CPU.Build.0 = Release|Any CPU
		{7FB0EEEE-C8F8-4AED-A9E0-F2791FFB1662}.Debug|Any CPU.ActiveCfg = Debug|Any CPU
		{7FB0EEEE-C8F8-4AED-A9E0-F2791FFB1662}.Debug|Any CPU.Build.0 = Debug|Any CPU
		{7FB0EEEE-C8F8-4AED-A9E0-F2791FFB1662}.Release|Any CPU.ActiveCfg = Release|Any CPU
		{7FB0EEEE-C8F8-4AED-A9E0-F2791FFB1662}.Release|Any CPU.Build.0 = Release|Any CPU
		{7C2B2EB6-0226-4F38-B17E-77AA6697FB07}.Debug|Any CPU.ActiveCfg = Debug|Any CPU
		{7C2B2EB6-0226-4F38-B17E-77AA6697FB07}.Debug|Any CPU.Build.0 = Debug|Any CPU
		{7C2B2EB6-0226-4F38-B17E-77AA6697FB07}.Release|Any CPU.ActiveCfg = Release|Any CPU
		{7C2B2EB6-0226-4F38-B17E-77AA6697FB07}.Release|Any CPU.Build.0 = Release|Any CPU
	EndGlobalSection
	GlobalSection(SolutionProperties) = preSolution
		HideSolutionNode = FALSE
	EndGlobalSection
	GlobalSection(ExtensibilityGlobals) = postSolution
		SolutionGuid = {955A70E5-E8B9-4FFE-957A-F281C2055B6C}
	EndGlobalSection
EndGlobal
